
Microsoft Visual Studio Solution File, Format Version 12.00
# Visual Studio Version 17
VisualStudioVersion = 17.9.34723.18
MinimumVisualStudioVersion = 10.0.40219.1
Project("{FAE04EC0-301F-11D3-BF4B-00C04F79EFBC}") = "MagicVilla_VillaAPI", "MagicVilla_VillaAPI\MagicVilla_VillaAPI.csproj", "{4A7E3593-DA83-48E8-A81F-0B96E9D5AB96}"
EndProject
Global
	GlobalSection(SolutionConfigurationPlatforms) = preSolution
		Debug|Any CPU = Debug|Any CPU
		Release|Any CPU = Release|Any CPU
	EndGlobalSection
	GlobalSection(ProjectConfigurationPlatforms) = postSolution
		{4A7E3593-DA83-48E8-A81F-0B96E9D5AB96}.Debug|Any CPU.ActiveCfg = Debug|Any CPU
		{4A7E3593-DA83-48E8-A81F-0B96E9D5AB96}.Debug|Any CPU.Build.0 = Debug|Any CPU
		{4A7E3593-DA83-48E8-A81F-0B96E9D5AB96}.Release|Any CPU.ActiveCfg = Release|Any CPU
		{4A7E3593-DA83-48E8-A81F-0B96E9D5AB96}.Release|Any CPU.Build.0 = Release|Any CPU
	EndGlobalSection
	GlobalSection(SolutionProperties) = preSolution
		HideSolutionNode = FALSE
	EndGlobalSection
	GlobalSection(ExtensibilityGlobals) = postSolution
		SolutionGuid = {B07D0460-0DDB-4B2F-9233-93246A8B7C84}
	EndGlobalSection
EndGlobal
